
Microsoft Visual Studio Solution File, Format Version 12.00
Project("{F2A71F9B-5D33-465A-A702-920D77279786}") = "DFAPlayground", "DFAPlayground\DFAPlayground.fsproj", "{BA95BF25-8ACC-424A-8976-E3B9EFBD3CF8}"
EndProject
Project("{F2A71F9B-5D33-465A-A702-920D77279786}") = "DFAPlaygroundTests", "DFAPlaygroundTests\DFAPlaygroundTests.fsproj", "{1D42CC9F-A526-487A-B688-024B3F929544}"
EndProject
Project("{F2A71F9B-5D33-465A-A702-920D77279786}") = "Lab01", "Lab01\Lab01.fsproj", "{A99F9974-669F-48B9-8EC2-904A8A8B6774}"
EndProject
Project("{F2A71F9B-5D33-465A-A702-920D77279786}") = "LangTheoryFeliz.App", "LangTheoryFeliz\src\LangTheoryFeliz.App.fsproj", "{AD35D82C-6D7A-443F-B10B-1D9AF82A62F9}"
EndProject
Project("{F2A71F9B-5D33-465A-A702-920D77279786}") = "LangTheoryFeliz.Tests", "LangTheoryFeliz\tests\LangTheoryFeliz.Tests.fsproj", "{7D8D63E8-0649-409F-8400-117695D7EC85}"
EndProject
Project("{F2A71F9B-5D33-465A-A702-920D77279786}") = "Lab01.Core", "Lab01\Lab01.Core\Lab01.Core.fsproj", "{32CFE0CD-16BA-40B2-96A7-EA5D8E45F9C4}"
EndProject
Project("{F2A71F9B-5D33-465A-A702-920D77279786}") = "Lab03.Core", "Lab03\Lab03.Core\Lab03.Core.fsproj", "{626DA2AE-6475-4C25-9750-5A5C362265DD}"
EndProject
Project("{F2A71F9B-5D33-465A-A702-920D77279786}") = "Lab03", "Lab03\Lab03.fsproj", "{0FFA47D0-CF6C-48D1-84CA-7150E8490723}"
EndProject
Global
	GlobalSection(SolutionConfigurationPlatforms) = preSolution
		Debug|Any CPU = Debug|Any CPU
		Release|Any CPU = Release|Any CPU
	EndGlobalSection
	GlobalSection(ProjectConfigurationPlatforms) = postSolution
		{BA95BF25-8ACC-424A-8976-E3B9EFBD3CF8}.Debug|Any CPU.ActiveCfg = Debug|Any CPU
		{BA95BF25-8ACC-424A-8976-E3B9EFBD3CF8}.Debug|Any CPU.Build.0 = Debug|Any CPU
		{BA95BF25-8ACC-424A-8976-E3B9EFBD3CF8}.Release|Any CPU.ActiveCfg = Release|Any CPU
		{BA95BF25-8ACC-424A-8976-E3B9EFBD3CF8}.Release|Any CPU.Build.0 = Release|Any CPU
		{1D42CC9F-A526-487A-B688-024B3F929544}.Debug|Any CPU.ActiveCfg = Debug|Any CPU
		{1D42CC9F-A526-487A-B688-024B3F929544}.Debug|Any CPU.Build.0 = Debug|Any CPU
		{1D42CC9F-A526-487A-B688-024B3F929544}.Release|Any CPU.ActiveCfg = Release|Any CPU
		{1D42CC9F-A526-487A-B688-024B3F929544}.Release|Any CPU.Build.0 = Release|Any CPU
		{A99F9974-669F-48B9-8EC2-904A8A8B6774}.Debug|Any CPU.ActiveCfg = Debug|Any CPU
		{A99F9974-669F-48B9-8EC2-904A8A8B6774}.Debug|Any CPU.Build.0 = Debug|Any CPU
		{A99F9974-669F-48B9-8EC2-904A8A8B6774}.Release|Any CPU.ActiveCfg = Release|Any CPU
		{A99F9974-669F-48B9-8EC2-904A8A8B6774}.Release|Any CPU.Build.0 = Release|Any CPU
		{AD35D82C-6D7A-443F-B10B-1D9AF82A62F9}.Debug|Any CPU.ActiveCfg = Debug|Any CPU
		{AD35D82C-6D7A-443F-B10B-1D9AF82A62F9}.Debug|Any CPU.Build.0 = Debug|Any CPU
		{AD35D82C-6D7A-443F-B10B-1D9AF82A62F9}.Release|Any CPU.ActiveCfg = Release|Any CPU
		{AD35D82C-6D7A-443F-B10B-1D9AF82A62F9}.Release|Any CPU.Build.0 = Release|Any CPU
		{7D8D63E8-0649-409F-8400-117695D7EC85}.Debug|Any CPU.ActiveCfg = Debug|Any CPU
		{7D8D63E8-0649-409F-8400-117695D7EC85}.Debug|Any CPU.Build.0 = Debug|Any CPU
		{7D8D63E8-0649-409F-8400-117695D7EC85}.Release|Any CPU.ActiveCfg = Release|Any CPU
		{7D8D63E8-0649-409F-8400-117695D7EC85}.Release|Any CPU.Build.0 = Release|Any CPU
		{32CFE0CD-16BA-40B2-96A7-EA5D8E45F9C4}.Debug|Any CPU.ActiveCfg = Debug|Any CPU
		{32CFE0CD-16BA-40B2-96A7-EA5D8E45F9C4}.Debug|Any CPU.Build.0 = Debug|Any CPU
		{32CFE0CD-16BA-40B2-96A7-EA5D8E45F9C4}.Release|Any CPU.ActiveCfg = Release|Any CPU
		{32CFE0CD-16BA-40B2-96A7-EA5D8E45F9C4}.Release|Any CPU.Build.0 = Release|Any CPU
		{626DA2AE-6475-4C25-9750-5A5C362265DD}.Debug|Any CPU.ActiveCfg = Debug|Any CPU
		{626DA2AE-6475-4C25-9750-5A5C362265DD}.Debug|Any CPU.Build.0 = Debug|Any CPU
		{626DA2AE-6475-4C25-9750-5A5C362265DD}.Release|Any CPU.ActiveCfg = Release|Any CPU
		{626DA2AE-6475-4C25-9750-5A5C362265DD}.Release|Any CPU.Build.0 = Release|Any CPU
		{0FFA47D0-CF6C-48D1-84CA-7150E8490723}.Debug|Any CPU.ActiveCfg = Debug|Any CPU
		{0FFA47D0-CF6C-48D1-84CA-7150E8490723}.Debug|Any CPU.Build.0 = Debug|Any CPU
		{0FFA47D0-CF6C-48D1-84CA-7150E8490723}.Release|Any CPU.ActiveCfg = Release|Any CPU
		{0FFA47D0-CF6C-48D1-84CA-7150E8490723}.Release|Any CPU.Build.0 = Release|Any CPU
	EndGlobalSection
EndGlobal
